
Microsoft Visual Studio Solution File, Format Version 12.00
# Visual Studio 2017
Project("{FAE04EC0-301F-11D3-BF4B-00C04F79EFBC}") = "2d-roguelike", "2d-roguelike.csproj", "{B95F9182-CF1B-0D2F-1ABF-067D7A918EE9}"
EndProject
Project("{FAE04EC0-301F-11D3-BF4B-00C04F79EFBC}") = "2d-roguelike.Editor", "2d-roguelike.Editor.csproj", "{B5DC5F88-D423-84BB-ABBD-BDC198DE93E2}"
EndProject
Global
	GlobalSection(SolutionConfigurationPlatforms) = preSolution
		Debug|Any CPU = Debug|Any CPU
		Release|Any CPU = Release|Any CPU
	EndGlobalSection
	GlobalSection(ProjectConfigurationPlatforms) = postSolution
		{B95F9182-CF1B-0D2F-1ABF-067D7A918EE9}.Debug|Any CPU.ActiveCfg = Debug|Any CPU
		{B95F9182-CF1B-0D2F-1ABF-067D7A918EE9}.Debug|Any CPU.Build.0 = Debug|Any CPU
		{B95F9182-CF1B-0D2F-1ABF-067D7A918EE9}.Release|Any CPU.ActiveCfg = Release|Any CPU
		{B95F9182-CF1B-0D2F-1ABF-067D7A918EE9}.Release|Any CPU.Build.0 = Release|Any CPU
		{B5DC5F88-D423-84BB-ABBD-BDC198DE93E2}.Debug|Any CPU.ActiveCfg = Debug|Any CPU
		{B5DC5F88-D423-84BB-ABBD-BDC198DE93E2}.Debug|Any CPU.Build.0 = Debug|Any CPU
		{B5DC5F88-D423-84BB-ABBD-BDC198DE93E2}.Release|Any CPU.ActiveCfg = Release|Any CPU
		{B5DC5F88-D423-84BB-ABBD-BDC198DE93E2}.Release|Any CPU.Build.0 = Release|Any CPU
	EndGlobalSection
	GlobalSection(SolutionProperties) = preSolution
		HideSolutionNode = FALSE
	EndGlobalSection
EndGlobal
